// !$*UTF8*$!
{
	archiveVersion = 1;
	classes = {
	};
	objectVersion = 77;
	objects = {

/* Begin PBXBuildFile section */
		00A07BEFD5009A2B79055DE2 /* flag_ir.svg in Resources */ = {isa = PBXBuildFile; fileRef = ED44EA7EB239F4C95A706373 /* flag_ir.svg */; };
		0793C2E2A99640F2474A0C2E /* SpoofingEngine.swift in Sources */ = {isa = PBXBuildFile; fileRef = 74C27C61070554F9229ABDB2 /* SpoofingEngine.swift */; };
		0AB0A94D1068F822EF63B992 /* PacketParser.swift in Sources */ = {isa = PBXBuildFile; fileRef = 5EFCAE70129D1042E3EBABFC /* PacketParser.swift */; };
		1118257CA5066B801101EEF5 /* TunnelMessages.swift in Sources */ = {isa = PBXBuildFile; fileRef = 7F830596E4CFD3FE9F0EE12D /* TunnelMessages.swift */; };
		167305F216AFA70F3951C817 /* Network.framework in Frameworks */ = {isa = PBXBuildFile; fileRef = 5855F859A3B5E95D244825CD /* Network.framework */; };
		1C4DEBB0F96660B1A2126695 /* SystemNetworkUtils.swift in Sources */ = {isa = PBXBuildFile; fileRef = 76A4535F52DD3157BA11C1CC /* SystemNetworkUtils.swift */; };
		1E64360FA7C788BAEFD148D5 /* TunnelTrafficBridge.swift in Sources */ = {isa = PBXBuildFile; fileRef = 9112A2EAB0CB38294AC8749A /* TunnelTrafficBridge.swift */; };
		223096889C3116BED9D2029C /* TLSClientHelloBuilder.swift in Sources */ = {isa = PBXBuildFile; fileRef = E4E4641830D6DDF39260EA78 /* TLSClientHelloBuilder.swift */; };
		2535B92207E6506307D02574 /* SystemNetworkUtils.swift in Sources */ = {isa = PBXBuildFile; fileRef = 76A4535F52DD3157BA11C1CC /* SystemNetworkUtils.swift */; };
		2CDABCA32E22222B028DEFA6 /* SniPacketTunnel.appex in Embed Foundation Extensions */ = {isa = PBXBuildFile; fileRef = 5CA53E8398A3CB1E4328F457 /* SniPacketTunnel.appex */; settings = {ATTRIBUTES = (RemoveHeadersOnCopy, ); }; };
		2F50D9D2500E30326B22B9B5 /* ContentView.swift in Sources */ = {isa = PBXBuildFile; fileRef = D37DE60F22CF7E17CD76A432 /* ContentView.swift */; };
		360915351C95404CA6A28718 /* xray.bin in Resources */ = {isa = PBXBuildFile; fileRef = C87DBE5D24134DA411999E63 /* xray.bin */; };
		38AAF0788B485B3A73CE3564 /* TunnelMessages.swift in Sources */ = {isa = PBXBuildFile; fileRef = 7F830596E4CFD3FE9F0EE12D /* TunnelMessages.swift */; };
		4A6BE616388BA474C54AFDD4 /* LibpcapBridge.m in Sources */ = {isa = PBXBuildFile; fileRef = F9017512BD79F54ECFAD13E6 /* LibpcapBridge.m */; };
		6443096813CBED4636DEE56E /* TunnelConfiguration.swift in Sources */ = {isa = PBXBuildFile; fileRef = F576F52BEC4A3C8D5084AFB5 /* TunnelConfiguration.swift */; };
		79F86017CF99B8C1775BB1FC /* LocalProxyService.swift in Sources */ = {isa = PBXBuildFile; fileRef = AE7282B8DA2DFEC6B37042B4 /* LocalProxyService.swift */; };
		81CACA0D093687E45FB909A5 /* TLSClientHelloBuilder.swift in Sources */ = {isa = PBXBuildFile; fileRef = E4E4641830D6DDF39260EA78 /* TLSClientHelloBuilder.swift */; };
		8403A4CBE80D32A451B0E99E /* XrayManager.swift in Sources */ = {isa = PBXBuildFile; fileRef = 02CFFE4D0DBFEDFC54ED7CD2 /* XrayManager.swift */; };
		909F320DB9695AE77D92CD5D /* LocalProxyService.swift in Sources */ = {isa = PBXBuildFile; fileRef = AE7282B8DA2DFEC6B37042B4 /* LocalProxyService.swift */; };
		9FCB1FA561C95E5867412C1C /* PacketTunnelProvider.swift in Sources */ = {isa = PBXBuildFile; fileRef = A6AD144AAB5F4CE30D2DB0D5 /* PacketTunnelProvider.swift */; };
		A036507874EA9C1D5C351995 /* RawPacketSupport.swift in Sources */ = {isa = PBXBuildFile; fileRef = E160D64E473752FB9F09E415 /* RawPacketSupport.swift */; };
		AF4B07590B87F611DA37558B /* flag_uk.svg in Resources */ = {isa = PBXBuildFile; fileRef = 4AE6185A21C33AE0DB29BAC1 /* flag_uk.svg */; };
		B4721D380899BD27F83576D1 /* TunnelController.swift in Sources */ = {isa = PBXBuildFile; fileRef = B834A547DAD5DEB7A07C2A35 /* TunnelController.swift */; };
		B8B25C7902A235FE34D0C2D6 /* TunnelConfiguration.swift in Sources */ = {isa = PBXBuildFile; fileRef = F576F52BEC4A3C8D5084AFB5 /* TunnelConfiguration.swift */; };
		BCA761FF59821B44F86F4BF9 /* Assets.xcassets in Resources */ = {isa = PBXBuildFile; fileRef = E06C6BB3A8BA83C74CA0C892 /* Assets.xcassets */; };
		BF727CC88102AAF70957B5BA /* AppLocalization.swift in Sources */ = {isa = PBXBuildFile; fileRef = 9583A08CE5B007F3EBA52B10 /* AppLocalization.swift */; };
		C3E91DAA124E6E3D82470FE2 /* RawPacketSupport.swift in Sources */ = {isa = PBXBuildFile; fileRef = E160D64E473752FB9F09E415 /* RawPacketSupport.swift */; };
		C519B7B5575C13A3DAAAC07F /* TunnelConfiguration.swift in Sources */ = {isa = PBXBuildFile; fileRef = F576F52BEC4A3C8D5084AFB5 /* TunnelConfiguration.swift */; };
		D03DF900A4784E0272EC3EE7 /* NetworkExtension.framework in Frameworks */ = {isa = PBXBuildFile; fileRef = 797BC411A6F440203ABD6283 /* NetworkExtension.framework */; };
		D0941078F739175CEBC02377 /* VlessParser.swift in Sources */ = {isa = PBXBuildFile; fileRef = 7BFBA34EE94309A03C073AF4 /* VlessParser.swift */; };
		D0C1B5AB0D4480D1CA2BFA99 /* TLSClientHelloBuilder.swift in Sources */ = {isa = PBXBuildFile; fileRef = E4E4641830D6DDF39260EA78 /* TLSClientHelloBuilder.swift */; };
		D404AF782AB45EE64B5E38F1 /* PrivilegedHelperMain.swift in Sources */ = {isa = PBXBuildFile; fileRef = A838684F011CCD626438EE5D /* PrivilegedHelperMain.swift */; };
		D775EFCFA86E845CACA3027E /* LibpcapBridge.m in Sources */ = {isa = PBXBuildFile; fileRef = F9017512BD79F54ECFAD13E6 /* LibpcapBridge.m */; };
		ED736003EE62464321320B55 /* NetworkExtension.framework in Frameworks */ = {isa = PBXBuildFile; fileRef = 797BC411A6F440203ABD6283 /* NetworkExtension.framework */; };
		FC6DF4C13AC490DE6E3B656A /* SniSpoofingMacApp.swift in Sources */ = {isa = PBXBuildFile; fileRef = 5D24832D6852DF5EA336B4F0 /* SniSpoofingMacApp.swift */; };
/* End PBXBuildFile section */

/* Begin PBXContainerItemProxy section */
		398C64CD5C0EE8E5AF59CFCC /* PBXContainerItemProxy */ = {
			isa = PBXContainerItemProxy;
			containerPortal = B8B801623E4BBC6A1F7C6A8E /* Project object */;
			proxyType = 1;
			remoteGlobalIDString = C69EF224301405652FB07BF8;
			remoteInfo = SniPacketTunnel;
		};
/* End PBXContainerItemProxy section */

/* Begin PBXCopyFilesBuildPhase section */
		8C4CBBBD971A348321FB0FA8 /* Embed Foundation Extensions */ = {
			isa = PBXCopyFilesBuildPhase;
			buildActionMask = 2147483647;
			dstPath = "";
			dstSubfolderSpec = 13;
			files = (
				2CDABCA32E22222B028DEFA6 /* SniPacketTunnel.appex in Embed Foundation Extensions */,
			);
			name = "Embed Foundation Extensions";
			runOnlyForDeploymentPostprocessing = 0;
		};
/* End PBXCopyFilesBuildPhase section */

/* Begin PBXFileReference section */
		02CFFE4D0DBFEDFC54ED7CD2 /* XrayManager.swift */ = {isa = PBXFileReference; lastKnownFileType = sourcecode.swift; path = XrayManager.swift; sourceTree = "<group>"; };
		4AE6185A21C33AE0DB29BAC1 /* flag_uk.svg */ = {isa = PBXFileReference; path = flag_uk.svg; sourceTree = "<group>"; };
		5855F859A3B5E95D244825CD /* Network.framework */ = {isa = PBXFileReference; lastKnownFileType = wrapper.framework; name = Network.framework; path = System/Library/Frameworks/Network.framework; sourceTree = SDKROOT; };
		5CA53E8398A3CB1E4328F457 /* SniPacketTunnel.appex */ = {isa = PBXFileReference; explicitFileType = "wrapper.app-extension"; includeInIndex = 0; path = SniPacketTunnel.appex; sourceTree = BUILT_PRODUCTS_DIR; };
		5D24832D6852DF5EA336B4F0 /* SniSpoofingMacApp.swift */ = {isa = PBXFileReference; lastKnownFileType = sourcecode.swift; path = SniSpoofingMacApp.swift; sourceTree = "<group>"; };
		5EFCAE70129D1042E3EBABFC /* PacketParser.swift */ = {isa = PBXFileReference; lastKnownFileType = sourcecode.swift; path = PacketParser.swift; sourceTree = "<group>"; };
		5F2C8F868DD86B218D3A6C77 /* SniProxyHelper */ = {isa = PBXFileReference; includeInIndex = 0; path = SniProxyHelper; sourceTree = BUILT_PRODUCTS_DIR; };
		74C27C61070554F9229ABDB2 /* SpoofingEngine.swift */ = {isa = PBXFileReference; lastKnownFileType = sourcecode.swift; path = SpoofingEngine.swift; sourceTree = "<group>"; };
		76A4535F52DD3157BA11C1CC /* SystemNetworkUtils.swift */ = {isa = PBXFileReference; lastKnownFileType = sourcecode.swift; path = SystemNetworkUtils.swift; sourceTree = "<group>"; };
		797BC411A6F440203ABD6283 /* NetworkExtension.framework */ = {isa = PBXFileReference; lastKnownFileType = wrapper.framework; name = NetworkExtension.framework; path = System/Library/Frameworks/NetworkExtension.framework; sourceTree = SDKROOT; };
		7BFBA34EE94309A03C073AF4 /* VlessParser.swift */ = {isa = PBXFileReference; lastKnownFileType = sourcecode.swift; path = VlessParser.swift; sourceTree = "<group>"; };
		7F830596E4CFD3FE9F0EE12D /* TunnelMessages.swift */ = {isa = PBXFileReference; lastKnownFileType = sourcecode.swift; path = TunnelMessages.swift; sourceTree = "<group>"; };
		826551C3B1D95587E48799DF /* LibpcapBridge.h */ = {isa = PBXFileReference; lastKnownFileType = sourcecode.c.h; path = LibpcapBridge.h; sourceTree = "<group>"; };
		9112A2EAB0CB38294AC8749A /* TunnelTrafficBridge.swift */ = {isa = PBXFileReference; lastKnownFileType = sourcecode.swift; path = TunnelTrafficBridge.swift; sourceTree = "<group>"; };
		9583A08CE5B007F3EBA52B10 /* AppLocalization.swift */ = {isa = PBXFileReference; lastKnownFileType = sourcecode.swift; path = AppLocalization.swift; sourceTree = "<group>"; };
		A6AD144AAB5F4CE30D2DB0D5 /* PacketTunnelProvider.swift */ = {isa = PBXFileReference; lastKnownFileType = sourcecode.swift; path = PacketTunnelProvider.swift; sourceTree = "<group>"; };
		A838684F011CCD626438EE5D /* PrivilegedHelperMain.swift */ = {isa = PBXFileReference; lastKnownFileType = sourcecode.swift; path = PrivilegedHelperMain.swift; sourceTree = "<group>"; };
		AE7282B8DA2DFEC6B37042B4 /* LocalProxyService.swift */ = {isa = PBXFileReference; lastKnownFileType = sourcecode.swift; path = LocalProxyService.swift; sourceTree = "<group>"; };
		B834A547DAD5DEB7A07C2A35 /* TunnelController.swift */ = {isa = PBXFileReference; lastKnownFileType = sourcecode.swift; path = TunnelController.swift; sourceTree = "<group>"; };
		C1BF2F05C2087FD8B9087974 /* SniSpoofingMac.app */ = {isa = PBXFileReference; explicitFileType = wrapper.application; includeInIndex = 0; path = SniSpoofingMac.app; sourceTree = BUILT_PRODUCTS_DIR; };
		C87DBE5D24134DA411999E63 /* xray.bin */ = {isa = PBXFileReference; lastKnownFileType = archive.macbinary; path = xray.bin; sourceTree = "<group>"; };
		D37DE60F22CF7E17CD76A432 /* ContentView.swift */ = {isa = PBXFileReference; lastKnownFileType = sourcecode.swift; path = ContentView.swift; sourceTree = "<group>"; };
		E06C6BB3A8BA83C74CA0C892 /* Assets.xcassets */ = {isa = PBXFileReference; lastKnownFileType = folder.assetcatalog; path = Assets.xcassets; sourceTree = "<group>"; };
		E160D64E473752FB9F09E415 /* RawPacketSupport.swift */ = {isa = PBXFileReference; lastKnownFileType = sourcecode.swift; path = RawPacketSupport.swift; sourceTree = "<group>"; };
		E4E4641830D6DDF39260EA78 /* TLSClientHelloBuilder.swift */ = {isa = PBXFileReference; lastKnownFileType = sourcecode.swift; path = TLSClientHelloBuilder.swift; sourceTree = "<group>"; };
		ED44EA7EB239F4C95A706373 /* flag_ir.svg */ = {isa = PBXFileReference; path = flag_ir.svg; sourceTree = "<group>"; };
		F576F52BEC4A3C8D5084AFB5 /* TunnelConfiguration.swift */ = {isa = PBXFileReference; lastKnownFileType = sourcecode.swift; path = TunnelConfiguration.swift; sourceTree = "<group>"; };
		F9017512BD79F54ECFAD13E6 /* LibpcapBridge.m */ = {isa = PBXFileReference; lastKnownFileType = sourcecode.c.objc; path = LibpcapBridge.m; sourceTree = "<group>"; };
/* End PBXFileReference section */

/* Begin PBXFrameworksBuildPhase section */
		66BED7757F96668EE0C07419 /* Frameworks */ = {
			isa = PBXFrameworksBuildPhase;
			buildActionMask = 2147483647;
			files = (
				ED736003EE62464321320B55 /* NetworkExtension.framework in Frameworks */,
				167305F216AFA70F3951C817 /* Network.framework in Frameworks */,
			);
			runOnlyForDeploymentPostprocessing = 0;
		};
		DB6A2EA37BB8B8556871AC69 /* Frameworks */ = {
			isa = PBXFrameworksBuildPhase;
			buildActionMask = 2147483647;
			files = (
				D03DF900A4784E0272EC3EE7 /* NetworkExtension.framework in Frameworks */,
			);
			runOnlyForDeploymentPostprocessing = 0;
		};
/* End PBXFrameworksBuildPhase section */

/* Begin PBXGroup section */
		33EF8A71F6C33D0BA019D0F2 /* Shared */ = {
			isa = PBXGroup;
			children = (
				826551C3B1D95587E48799DF /* LibpcapBridge.h */,
				F9017512BD79F54ECFAD13E6 /* LibpcapBridge.m */,
				E160D64E473752FB9F09E415 /* RawPacketSupport.swift */,
				76A4535F52DD3157BA11C1CC /* SystemNetworkUtils.swift */,
				E4E4641830D6DDF39260EA78 /* TLSClientHelloBuilder.swift */,
				F576F52BEC4A3C8D5084AFB5 /* TunnelConfiguration.swift */,
				7F830596E4CFD3FE9F0EE12D /* TunnelMessages.swift */,
			);
			path = Shared;
			sourceTree = "<group>";
		};
		5E60A85A06F60CAFE7089339 /* Products */ = {
			isa = PBXGroup;
			children = (
				5CA53E8398A3CB1E4328F457 /* SniPacketTunnel.appex */,
				5F2C8F868DD86B218D3A6C77 /* SniProxyHelper */,
				C1BF2F05C2087FD8B9087974 /* SniSpoofingMac.app */,
			);
			name = Products;
			sourceTree = "<group>";
		};
		96B503E855096D9C217EE9E2 /* PacketTunnel */ = {
			isa = PBXGroup;
			children = (
				5EFCAE70129D1042E3EBABFC /* PacketParser.swift */,
				A6AD144AAB5F4CE30D2DB0D5 /* PacketTunnelProvider.swift */,
				74C27C61070554F9229ABDB2 /* SpoofingEngine.swift */,
				9112A2EAB0CB38294AC8749A /* TunnelTrafficBridge.swift */,
			);
			path = PacketTunnel;
			sourceTree = "<group>";
		};
		A460267376C66373E9344F87 = {
			isa = PBXGroup;
			children = (
				C1CBD6A70B156BA16BC0F991 /* App */,
				A53C6789B33D88ABDDD065DB /* Helper */,
				96B503E855096D9C217EE9E2 /* PacketTunnel */,
				B8F5E9C3518749C902E35B8F /* Resources */,
				33EF8A71F6C33D0BA019D0F2 /* Shared */,
				C068EAFCE6843787DE0F99E2 /* Frameworks */,
				5E60A85A06F60CAFE7089339 /* Products */,
			);
			sourceTree = "<group>";
		};
		A53C6789B33D88ABDDD065DB /* Helper */ = {
			isa = PBXGroup;
			children = (
				A838684F011CCD626438EE5D /* PrivilegedHelperMain.swift */,
			);
			path = Helper;
			sourceTree = "<group>";
		};
		B8F5E9C3518749C902E35B8F /* Resources */ = {
			isa = PBXGroup;
			children = (
				ED44EA7EB239F4C95A706373 /* flag_ir.svg */,
				4AE6185A21C33AE0DB29BAC1 /* flag_uk.svg */,
				C87DBE5D24134DA411999E63 /* xray.bin */,
			);
			name = Resources;
			path = App/Resources;
			sourceTree = "<group>";
		};
		C068EAFCE6843787DE0F99E2 /* Frameworks */ = {
			isa = PBXGroup;
			children = (
				5855F859A3B5E95D244825CD /* Network.framework */,
				797BC411A6F440203ABD6283 /* NetworkExtension.framework */,
			);
			name = Frameworks;
			sourceTree = "<group>";
		};
		C1CBD6A70B156BA16BC0F991 /* App */ = {
			isa = PBXGroup;
			children = (
				9583A08CE5B007F3EBA52B10 /* AppLocalization.swift */,
				E06C6BB3A8BA83C74CA0C892 /* Assets.xcassets */,
				D37DE60F22CF7E17CD76A432 /* ContentView.swift */,
				AE7282B8DA2DFEC6B37042B4 /* LocalProxyService.swift */,
				5D24832D6852DF5EA336B4F0 /* SniSpoofingMacApp.swift */,
				B834A547DAD5DEB7A07C2A35 /* TunnelController.swift */,
				7BFBA34EE94309A03C073AF4 /* VlessParser.swift */,
				02CFFE4D0DBFEDFC54ED7CD2 /* XrayManager.swift */,
			);
			path = App;
			sourceTree = "<group>";
		};
/* End PBXGroup section */

/* Begin PBXNativeTarget section */
		9D6DC7D68B1C02EFE9A1F784 /* SniProxyHelper */ = {
			isa = PBXNativeTarget;
			buildConfigurationList = 538591983CE52A0DB47A19DF /* Build configuration list for PBXNativeTarget "SniProxyHelper" */;
			buildPhases = (
				B0776A248801C5CA0385ACD6 /* Sources */,
			);
			buildRules = (
			);
			dependencies = (
			);
			name = SniProxyHelper;
			packageProductDependencies = (
			);
			productName = SniProxyHelper;
			productReference = 5F2C8F868DD86B218D3A6C77 /* SniProxyHelper */;
			productType = "com.apple.product-type.tool";
		};
		9E033495211DA8B6B80DCC24 /* SniSpoofingMac */ = {
			isa = PBXNativeTarget;
			buildConfigurationList = DF37C51972EA2576D8ED3677 /* Build configuration list for PBXNativeTarget "SniSpoofingMac" */;
			buildPhases = (
				40DAB3C51D544B87B9D85191 /* Sources */,
				3E8639BD8C0CD4CA6776BFC0 /* Resources */,
				DB6A2EA37BB8B8556871AC69 /* Frameworks */,
				8C4CBBBD971A348321FB0FA8 /* Embed Foundation Extensions */,
			);
			buildRules = (
			);
			dependencies = (
				2D966B5B82C1056C5996DF1B /* PBXTargetDependency */,
			);
			name = SniSpoofingMac;
			packageProductDependencies = (
			);
			productName = SniSpoofingMac;
			productReference = C1BF2F05C2087FD8B9087974 /* SniSpoofingMac.app */;
			productType = "com.apple.product-type.application";
		};
		C69EF224301405652FB07BF8 /* SniPacketTunnel */ = {
			isa = PBXNativeTarget;
			buildConfigurationList = C78F76A76A2C6604F1500D32 /* Build configuration list for PBXNativeTarget "SniPacketTunnel" */;
			buildPhases = (
				F67B868056D69D655E7488E6 /* Sources */,
				66BED7757F96668EE0C07419 /* Frameworks */,
			);
			buildRules = (
			);
			dependencies = (
			);
			name = SniPacketTunnel;
			packageProductDependencies = (
			);
			productName = SniPacketTunnel;
			productReference = 5CA53E8398A3CB1E4328F457 /* SniPacketTunnel.appex */;
			productType = "com.apple.product-type.app-extension";
		};
/* End PBXNativeTarget section */

/* Begin PBXProject section */
		B8B801623E4BBC6A1F7C6A8E /* Project object */ = {
			isa = PBXProject;
			attributes = {
				BuildIndependentTargetsInParallel = YES;
				LastUpgradeCheck = 1430;
				TargetAttributes = {
					9D6DC7D68B1C02EFE9A1F784 = {
						DevelopmentTeam = NMVD5BGX82;
					};
					9E033495211DA8B6B80DCC24 = {
						DevelopmentTeam = NMVD5BGX82;
						ProvisioningStyle = Automatic;
					};
					C69EF224301405652FB07BF8 = {
						DevelopmentTeam = NMVD5BGX82;
						ProvisioningStyle = Automatic;
					};
				};
			};
			buildConfigurationList = 454FF4167CFCB6DAF3F6C427 /* Build configuration list for PBXProject "SniSpoofingMac" */;
			compatibilityVersion = "Xcode 14.0";
			developmentRegion = en;
			hasScannedForEncodings = 0;
			knownRegions = (
				Base,
				en,
			);
			mainGroup = A460267376C66373E9344F87;
			minimizedProjectReferenceProxies = 1;
			preferredProjectObjectVersion = 77;
			projectDirPath = "";
			projectRoot = "";
			targets = (
				C69EF224301405652FB07BF8 /* SniPacketTunnel */,
				9D6DC7D68B1C02EFE9A1F784 /* SniProxyHelper */,
				9E033495211DA8B6B80DCC24 /* SniSpoofingMac */,
			);
		};
/* End PBXProject section */

/* Begin PBXResourcesBuildPhase section */
		3E8639BD8C0CD4CA6776BFC0 /* Resources */ = {
			isa = PBXResourcesBuildPhase;
			buildActionMask = 2147483647;
			files = (
				BCA761FF59821B44F86F4BF9 /* Assets.xcassets in Resources */,
				00A07BEFD5009A2B79055DE2 /* flag_ir.svg in Resources */,
				AF4B07590B87F611DA37558B /* flag_uk.svg in Resources */,
				360915351C95404CA6A28718 /* xray.bin in Resources */,
			);
			runOnlyForDeploymentPostprocessing = 0;
		};
/* End PBXResourcesBuildPhase section */

/* Begin PBXSourcesBuildPhase section */
		40DAB3C51D544B87B9D85191 /* Sources */ = {
			isa = PBXSourcesBuildPhase;
			buildActionMask = 2147483647;
			files = (
				BF727CC88102AAF70957B5BA /* AppLocalization.swift in Sources */,
				2F50D9D2500E30326B22B9B5 /* ContentView.swift in Sources */,
				4A6BE616388BA474C54AFDD4 /* LibpcapBridge.m in Sources */,
				909F320DB9695AE77D92CD5D /* LocalProxyService.swift in Sources */,
				C3E91DAA124E6E3D82470FE2 /* RawPacketSupport.swift in Sources */,
				FC6DF4C13AC490DE6E3B656A /* SniSpoofingMacApp.swift in Sources */,
				1C4DEBB0F96660B1A2126695 /* SystemNetworkUtils.swift in Sources */,
				D0C1B5AB0D4480D1CA2BFA99 /* TLSClientHelloBuilder.swift in Sources */,
				6443096813CBED4636DEE56E /* TunnelConfiguration.swift in Sources */,
				B4721D380899BD27F83576D1 /* TunnelController.swift in Sources */,
				1118257CA5066B801101EEF5 /* TunnelMessages.swift in Sources */,
				D0941078F739175CEBC02377 /* VlessParser.swift in Sources */,
				8403A4CBE80D32A451B0E99E /* XrayManager.swift in Sources */,
			);
			runOnlyForDeploymentPostprocessing = 0;
		};
		B0776A248801C5CA0385ACD6 /* Sources */ = {
			isa = PBXSourcesBuildPhase;
			buildActionMask = 2147483647;
			files = (
				D775EFCFA86E845CACA3027E /* LibpcapBridge.m in Sources */,
				79F86017CF99B8C1775BB1FC /* LocalProxyService.swift in Sources */,
				D404AF782AB45EE64B5E38F1 /* PrivilegedHelperMain.swift in Sources */,
				A036507874EA9C1D5C351995 /* RawPacketSupport.swift in Sources */,
				2535B92207E6506307D02574 /* SystemNetworkUtils.swift in Sources */,
				223096889C3116BED9D2029C /* TLSClientHelloBuilder.swift in Sources */,
				C519B7B5575C13A3DAAAC07F /* TunnelConfiguration.swift in Sources */,
			);
			runOnlyForDeploymentPostprocessing = 0;
		};
		F67B868056D69D655E7488E6 /* Sources */ = {
			isa = PBXSourcesBuildPhase;
			buildActionMask = 2147483647;
			files = (
				0AB0A94D1068F822EF63B992 /* PacketParser.swift in Sources */,
				9FCB1FA561C95E5867412C1C /* PacketTunnelProvider.swift in Sources */,
				0793C2E2A99640F2474A0C2E /* SpoofingEngine.swift in Sources */,
				81CACA0D093687E45FB909A5 /* TLSClientHelloBuilder.swift in Sources */,
				B8B25C7902A235FE34D0C2D6 /* TunnelConfiguration.swift in Sources */,
				38AAF0788B485B3A73CE3564 /* TunnelMessages.swift in Sources */,
				1E64360FA7C788BAEFD148D5 /* TunnelTrafficBridge.swift in Sources */,
			);
			runOnlyForDeploymentPostprocessing = 0;
		};
/* End PBXSourcesBuildPhase section */

/* Begin PBXTargetDependency section */
		2D966B5B82C1056C5996DF1B /* PBXTargetDependency */ = {
			isa = PBXTargetDependency;
			target = C69EF224301405652FB07BF8 /* SniPacketTunnel */;
			targetProxy = 398C64CD5C0EE8E5AF59CFCC /* PBXContainerItemProxy */;
		};
/* End PBXTargetDependency section */

/* Begin XCBuildConfiguration section */
		14566EEA093F8DB875179AA2 /* Debug */ = {
			isa = XCBuildConfiguration;
			buildSettings = {
				CODE_SIGN_ENTITLEMENTS = PacketTunnel/SniPacketTunnel.entitlements;
				CODE_SIGN_STYLE = Automatic;
				COMBINE_HIDPI_IMAGES = YES;
				INFOPLIST_FILE = PacketTunnel/Info.plist;
				LD_RUNPATH_SEARCH_PATHS = (
					"$(inherited)",
					"@executable_path/../Frameworks",
					"@executable_path/../../../../Frameworks",
				);
				PRODUCT_BUNDLE_IDENTIFIER = "com.local.sni.macos.packet-tunnel";
				PRODUCT_MODULE_NAME = PacketTunnel;
				PRODUCT_NAME = PacketTunnel;
				SDKROOT = macosx;
				SKIP_INSTALL = NO;
			};
			name = Debug;
		};
		4B1A2F9DE7D0FE5F2209F0DC /* Release */ = {
			isa = XCBuildConfiguration;
			buildSettings = {
				ALWAYS_SEARCH_USER_PATHS = NO;
				CLANG_ANALYZER_NONNULL = YES;
				CLANG_ANALYZER_NUMBER_OBJECT_CONVERSION = YES_AGGRESSIVE;
				CLANG_CXX_LANGUAGE_STANDARD = "gnu++14";
				CLANG_CXX_LIBRARY = "libc++";
				CLANG_ENABLE_MODULES = YES;
				CLANG_ENABLE_OBJC_ARC = YES;
				CLANG_ENABLE_OBJC_WEAK = YES;
				CLANG_WARN_BLOCK_CAPTURE_AUTORELEASING = YES;
				CLANG_WARN_BOOL_CONVERSION = YES;
				CLANG_WARN_COMMA = YES;
				CLANG_WARN_CONSTANT_CONVERSION = YES;
				CLANG_WARN_DEPRECATED_OBJC_IMPLEMENTATIONS = YES;
				CLANG_WARN_DIRECT_OBJC_ISA_USAGE = YES_ERROR;
				CLANG_WARN_DOCUMENTATION_COMMENTS = YES;
				CLANG_WARN_EMPTY_BODY = YES;
				CLANG_WARN_ENUM_CONVERSION = YES;
				CLANG_WARN_INFINITE_RECURSION = YES;
				CLANG_WARN_INT_CONVERSION = YES;
				CLANG_WARN_NON_LITERAL_NULL_CONVERSION = YES;
				CLANG_WARN_OBJC_IMPLICIT_RETAIN_SELF = YES;
				CLANG_WARN_OBJC_LITERAL_CONVERSION = YES;
				CLANG_WARN_OBJC_ROOT_CLASS = YES_ERROR;
				CLANG_WARN_QUOTED_INCLUDE_IN_FRAMEWORK_HEADER = YES;
				CLANG_WARN_RANGE_LOOP_ANALYSIS = YES;
				CLANG_WARN_STRICT_PROTOTYPES = YES;
				CLANG_WARN_SUSPICIOUS_MOVE = YES;
				CLANG_WARN_UNGUARDED_AVAILABILITY = YES_AGGRESSIVE;
				CLANG_WARN_UNREACHABLE_CODE = YES;
				CLANG_WARN__DUPLICATE_METHOD_MATCH = YES;
				COPY_PHASE_STRIP = NO;
				DEBUG_INFORMATION_FORMAT = "dwarf-with-dsym";
				DEVELOPMENT_TEAM = NMVD5BGX82;
				ENABLE_NS_ASSERTIONS = NO;
				ENABLE_STRICT_OBJC_MSGSEND = YES;
				GCC_C_LANGUAGE_STANDARD = gnu11;
				GCC_NO_COMMON_BLOCKS = YES;
				GCC_WARN_64_TO_32_BIT_CONVERSION = YES;
				GCC_WARN_ABOUT_RETURN_TYPE = YES_ERROR;
				GCC_WARN_UNDECLARED_SELECTOR = YES;
				GCC_WARN_UNINITIALIZED_AUTOS = YES_AGGRESSIVE;
				GCC_WARN_UNUSED_FUNCTION = YES;
				GCC_WARN_UNUSED_VARIABLE = YES;
				MACOSX_DEPLOYMENT_TARGET = 14.0;
				MTL_ENABLE_DEBUG_INFO = NO;
				MTL_FAST_MATH = YES;
				PRODUCT_NAME = "$(TARGET_NAME)";
				SDKROOT = macosx;
				SWIFT_COMPILATION_MODE = wholemodule;
				SWIFT_OPTIMIZATION_LEVEL = "-O";
				SWIFT_VERSION = 5.0;
			};
			name = Release;
		};
		73D2D7F5CCC9C11FB8CF6680 /* Release */ = {
			isa = XCBuildConfiguration;
			buildSettings = {
				CODE_SIGNING_ALLOWED = NO;
				COMBINE_HIDPI_IMAGES = YES;
				LD_RUNPATH_SEARCH_PATHS = (
					"$(inherited)",
					"@executable_path/../Frameworks",
				);
				OTHER_LDFLAGS = (
					"$(inherited)",
					"-lpcap",
				);
				PRODUCT_NAME = "sni-proxy-helper";
				SDKROOT = macosx;
				SWIFT_OBJC_BRIDGING_HEADER = "Helper/SniProxyHelper-Bridging-Header.h";
			};
			name = Release;
		};
		81911647E33DE47B160B5C6B /* Debug */ = {
			isa = XCBuildConfiguration;
			buildSettings = {
				CODE_SIGNING_ALLOWED = NO;
				COMBINE_HIDPI_IMAGES = YES;
				LD_RUNPATH_SEARCH_PATHS = (
					"$(inherited)",
					"@executable_path/../Frameworks",
				);
				OTHER_LDFLAGS = (
					"$(inherited)",
					"-lpcap",
				);
				PRODUCT_NAME = "sni-proxy-helper";
				SDKROOT = macosx;
				SWIFT_OBJC_BRIDGING_HEADER = "Helper/SniProxyHelper-Bridging-Header.h";
			};
			name = Debug;
		};
		A352F2C36E0A769C87CC84B2 /* Release */ = {
			isa = XCBuildConfiguration;
			buildSettings = {
				CODE_SIGN_ENTITLEMENTS = PacketTunnel/SniPacketTunnel.entitlements;
				CODE_SIGN_STYLE = Automatic;
				COMBINE_HIDPI_IMAGES = YES;
				INFOPLIST_FILE = PacketTunnel/Info.plist;
				LD_RUNPATH_SEARCH_PATHS = (
					"$(inherited)",
					"@executable_path/../Frameworks",
					"@executable_path/../../../../Frameworks",
				);
				PRODUCT_BUNDLE_IDENTIFIER = "com.local.sni.macos.packet-tunnel";
				PRODUCT_MODULE_NAME = PacketTunnel;
				PRODUCT_NAME = PacketTunnel;
				SDKROOT = macosx;
				SKIP_INSTALL = NO;
			};
			name = Release;
		};
		E4BD888F3E322422DE56E652 /* Release */ = {
			isa = XCBuildConfiguration;
			buildSettings = {
				ASSETCATALOG_COMPILER_APPICON_NAME = AppIcon;
				CODE_SIGN_ENTITLEMENTS = App/SniSpoofingMac.entitlements;
				CODE_SIGN_STYLE = Automatic;
				COMBINE_HIDPI_IMAGES = YES;
				INFOPLIST_FILE = App/Info.plist;
				LD_RUNPATH_SEARCH_PATHS = (
					"$(inherited)",
					"@executable_path/../Frameworks",
				);
				OTHER_LDFLAGS = (
					"$(inherited)",
					"-lpcap",
				);
				PRODUCT_BUNDLE_IDENTIFIER = com.local.sni.macos;
				SDKROOT = macosx;
				SWIFT_OBJC_BRIDGING_HEADER = "App/SniSpoofingMac-Bridging-Header.h";
			};
			name = Release;
		};
		E649D0333802DA21A5161B02 /* Debug */ = {
			isa = XCBuildConfiguration;
			buildSettings = {
				ALWAYS_SEARCH_USER_PATHS = NO;
				CLANG_ANALYZER_NONNULL = YES;
				CLANG_ANALYZER_NUMBER_OBJECT_CONVERSION = YES_AGGRESSIVE;
				CLANG_CXX_LANGUAGE_STANDARD = "gnu++14";
				CLANG_CXX_LIBRARY = "libc++";
				CLANG_ENABLE_MODULES = YES;
				CLANG_ENABLE_OBJC_ARC = YES;
				CLANG_ENABLE_OBJC_WEAK = YES;
				CLANG_WARN_BLOCK_CAPTURE_AUTORELEASING = YES;
				CLANG_WARN_BOOL_CONVERSION = YES;
				CLANG_WARN_COMMA = YES;
				CLANG_WARN_CONSTANT_CONVERSION = YES;
				CLANG_WARN_DEPRECATED_OBJC_IMPLEMENTATIONS = YES;
				CLANG_WARN_DIRECT_OBJC_ISA_USAGE = YES_ERROR;
				CLANG_WARN_DOCUMENTATION_COMMENTS = YES;
				CLANG_WARN_EMPTY_BODY = YES;
				CLANG_WARN_ENUM_CONVERSION = YES;
				CLANG_WARN_INFINITE_RECURSION = YES;
				CLANG_WARN_INT_CONVERSION = YES;
				CLANG_WARN_NON_LITERAL_NULL_CONVERSION = YES;
				CLANG_WARN_OBJC_IMPLICIT_RETAIN_SELF = YES;
				CLANG_WARN_OBJC_LITERAL_CONVERSION = YES;
				CLANG_WARN_OBJC_ROOT_CLASS = YES_ERROR;
				CLANG_WARN_QUOTED_INCLUDE_IN_FRAMEWORK_HEADER = YES;
				CLANG_WARN_RANGE_LOOP_ANALYSIS = YES;
				CLANG_WARN_STRICT_PROTOTYPES = YES;
				CLANG_WARN_SUSPICIOUS_MOVE = YES;
				CLANG_WARN_UNGUARDED_AVAILABILITY = YES_AGGRESSIVE;
				CLANG_WARN_UNREACHABLE_CODE = YES;
				CLANG_WARN__DUPLICATE_METHOD_MATCH = YES;
				COPY_PHASE_STRIP = NO;
				DEBUG_INFORMATION_FORMAT = dwarf;
				DEVELOPMENT_TEAM = NMVD5BGX82;
				ENABLE_STRICT_OBJC_MSGSEND = YES;
				ENABLE_TESTABILITY = YES;
				GCC_C_LANGUAGE_STANDARD = gnu11;
				GCC_DYNAMIC_NO_PIC = NO;
				GCC_NO_COMMON_BLOCKS = YES;
				GCC_OPTIMIZATION_LEVEL = 0;
				GCC_PREPROCESSOR_DEFINITIONS = (
					"$(inherited)",
					"DEBUG=1",
				);
				GCC_WARN_64_TO_32_BIT_CONVERSION = YES;
				GCC_WARN_ABOUT_RETURN_TYPE = YES_ERROR;
				GCC_WARN_UNDECLARED_SELECTOR = YES;
				GCC_WARN_UNINITIALIZED_AUTOS = YES_AGGRESSIVE;
				GCC_WARN_UNUSED_FUNCTION = YES;
				GCC_WARN_UNUSED_VARIABLE = YES;
				MACOSX_DEPLOYMENT_TARGET = 14.0;
				MTL_ENABLE_DEBUG_INFO = INCLUDE_SOURCE;
				MTL_FAST_MATH = YES;
				ONLY_ACTIVE_ARCH = YES;
				PRODUCT_NAME = "$(TARGET_NAME)";
				SDKROOT = macosx;
				SWIFT_ACTIVE_COMPILATION_CONDITIONS = DEBUG;
				SWIFT_OPTIMIZATION_LEVEL = "-Onone";
				SWIFT_VERSION = 5.0;
			};
			name = Debug;
		};
		FA01204FD1002CD9D6FEFDC1 /* Debug */ = {
			isa = XCBuildConfiguration;
			buildSettings = {
				ASSETCATALOG_COMPILER_APPICON_NAME = AppIcon;
				CODE_SIGN_ENTITLEMENTS = App/SniSpoofingMac.entitlements;
				CODE_SIGN_STYLE = Automatic;
				COMBINE_HIDPI_IMAGES = YES;
				INFOPLIST_FILE = App/Info.plist;
				LD_RUNPATH_SEARCH_PATHS = (
					"$(inherited)",
					"@executable_path/../Frameworks",
				);
				OTHER_LDFLAGS = (
					"$(inherited)",
					"-lpcap",
				);
				PRODUCT_BUNDLE_IDENTIFIER = com.local.sni.macos;
				SDKROOT = macosx;
				SWIFT_OBJC_BRIDGING_HEADER = "App/SniSpoofingMac-Bridging-Header.h";
			};
			name = Debug;
		};
/* End XCBuildConfiguration section */

/* Begin XCConfigurationList section */
		454FF4167CFCB6DAF3F6C427 /* Build configuration list for PBXProject "SniSpoofingMac" */ = {
			isa = XCConfigurationList;
			buildConfigurations = (
				E649D0333802DA21A5161B02 /* Debug */,
				4B1A2F9DE7D0FE5F2209F0DC /* Release */,
			);
			defaultConfigurationIsVisible = 0;
			defaultConfigurationName = Debug;
		};
		538591983CE52A0DB47A19DF /* Build configuration list for PBXNativeTarget "SniProxyHelper" */ = {
			isa = XCConfigurationList;
			buildConfigurations = (
				81911647E33DE47B160B5C6B /* Debug */,
				73D2D7F5CCC9C11FB8CF6680 /* Release */,
			);
			defaultConfigurationIsVisible = 0;
			defaultConfigurationName = Debug;
		};
		C78F76A76A2C6604F1500D32 /* Build configuration list for PBXNativeTarget "SniPacketTunnel" */ = {
			isa = XCConfigurationList;
			buildConfigurations = (
				14566EEA093F8DB875179AA2 /* Debug */,
				A352F2C36E0A769C87CC84B2 /* Release */,
			);
			defaultConfigurationIsVisible = 0;
			defaultConfigurationName = Debug;
		};
		DF37C51972EA2576D8ED3677 /* Build configuration list for PBXNativeTarget "SniSpoofingMac" */ = {
			isa = XCConfigurationList;
			buildConfigurations = (
				FA01204FD1002CD9D6FEFDC1 /* Debug */,
				E4BD888F3E322422DE56E652 /* Release */,
			);
			defaultConfigurationIsVisible = 0;
			defaultConfigurationName = Debug;
		};
/* End XCConfigurationList section */
	};
	rootObject = B8B801623E4BBC6A1F7C6A8E /* Project object */;
}
